<Solution>
  <Folder Name="/src/">
    <Project Path="src/Grigori.Contracts/Grigori.Contracts.csproj" />
    <Project Path="src/Grigori.Database/Grigori.Database.csproj" />
    <Project Path="src/Grigori.DataAccess/Grigori.DataAccess.csproj" />
    <Project Path="src/Grigori.Infrastructure/Grigori.Infrastructure.csproj" />
    <Project Path="src/Grigori.Mcp/Grigori.Mcp.csproj" />
    <Project Path="src/Grigori.Api/Grigori.Api.csproj" />
    <Project Path="src/Grigori.Cli/Grigori.Cli.csproj" />
  </Folder>
</Solution>
