<Solution>
  <Folder Name="/src/">
    <Project Path="src/Grigori.Common.Pagination/Grigori.Common.Pagination.csproj" />
    <Project Path="src/Grigori.Contracts/Grigori.Contracts.csproj" />
    <Project Path="src/Grigori.DataAccess/Grigori.DataAccess.csproj" />
    <Project Path="src/Grigori.Database/Grigori.Database.csproj" />
    <Project Path="src/Grigori.Desktop/Grigori.Desktop.csproj" />
  </Folder>
</Solution>
